
Microsoft Visual Studio Solution File, Format Version 12.00
# Visual Studio 14
VisualStudioVersion = 14.0.25420.1
MinimumVisualStudioVersion = 10.0.40219.1
Project("{FAE04EC0-301F-11D3-BF4B-00C04F79EFBC}") = "TravelAppBot", "TravelAppBot\TravelAppBot.csproj", "{A8BA1066-5695-4D71-ABB4-65E5A5E0C3D4}"
EndProject
Project("{2150E333-8FDC-42A3-9474-1A3956D46DE8}") = "Web", "Web", "{FADE5874-10B2-4A6D-9ABB-43E044343B07}"
EndProject
Project("{FAE04EC0-301F-11D3-BF4B-00C04F79EFBC}") = "TravelAppMobile", "TravelAppMobile\TravelAppMobile\TravelAppMobile.csproj", "{880F0F77-7117-45CA-84B9-6257747CE0BF}"
EndProject
Project("{FAE04EC0-301F-11D3-BF4B-00C04F79EFBC}") = "TravelAppMobile.Droid", "TravelAppMobile\TravelAppMobile.Droid\TravelAppMobile.Droid.csproj", "{0D586D96-DCE5-4775-9143-A7B3F2295E2D}"
EndProject
Project("{FAE04EC0-301F-11D3-BF4B-00C04F79EFBC}") = "TravelAppMobile.iOS", "TravelAppMobile\TravelAppMobile.iOS\TravelAppMobile.iOS.csproj", "{888D09F2-20CE-4F4C-B3DD-F868A0C7D73C}"
EndProject
Project("{FAE04EC0-301F-11D3-BF4B-00C04F79EFBC}") = "TravelAppMobile.WinPhone", "TravelAppMobile\TravelAppMobile.WinPhone\TravelAppMobile.WinPhone.csproj", "{674A6AE0-37F3-41DB-844E-AB6A502D2683}"
EndProject
Project("{FAE04EC0-301F-11D3-BF4B-00C04F79EFBC}") = "TravelAppMobile.UWP", "TravelAppMobile\TravelAppMobile.UWP\TravelAppMobile.UWP.csproj", "{49E97D27-02EC-4812-B9D0-5480F8EA823B}"
EndProject
Project("{FAE04EC0-301F-11D3-BF4B-00C04F79EFBC}") = "TravelAppMobile.Windows", "TravelAppMobile\TravelAppMobile.Windows\TravelAppMobile.Windows.csproj", "{F1BE5E6F-151D-456C-9352-FA7EE74576AC}"
EndProject
Project("{2150E333-8FDC-42A3-9474-1A3956D46DE8}") = "Mobile", "Mobile", "{4E78AD5A-97A6-45FA-838D-C5C878DBB498}"
EndProject
Global
	GlobalSection(SolutionConfigurationPlatforms) = preSolution
		Ad-Hoc|Any CPU = Ad-Hoc|Any CPU
		Ad-Hoc|ARM = Ad-Hoc|ARM
		Ad-Hoc|iPhone = Ad-Hoc|iPhone
		Ad-Hoc|iPhoneSimulator = Ad-Hoc|iPhoneSimulator
		Ad-Hoc|x64 = Ad-Hoc|x64
		Ad-Hoc|x86 = Ad-Hoc|x86
		AppStore|Any CPU = AppStore|Any CPU
		AppStore|ARM = AppStore|ARM
		AppStore|iPhone = AppStore|iPhone
		AppStore|iPhoneSimulator = AppStore|iPhoneSimulator
		AppStore|x64 = AppStore|x64
		AppStore|x86 = AppStore|x86
		Debug|Any CPU = Debug|Any CPU
		Debug|ARM = Debug|ARM
		Debug|iPhone = Debug|iPhone
		Debug|iPhoneSimulator = Debug|iPhoneSimulator
		Debug|x64 = Debug|x64
		Debug|x86 = Debug|x86
		Release|Any CPU = Release|Any CPU
		Release|ARM = Release|ARM
		Release|iPhone = Release|iPhone
		Release|iPhoneSimulator = Release|iPhoneSimulator
		Release|x64 = Release|x64
		Release|x86 = Release|x86
	EndGlobalSection
	GlobalSection(ProjectConfigurationPlatforms) = postSolution
		{A8BA1066-5695-4D71-ABB4-65E5A5E0C3D4}.Ad-Hoc|Any CPU.ActiveCfg = Release|Any CPU
		{A8BA1066-5695-4D71-ABB4-65E5A5E0C3D4}.Ad-Hoc|Any CPU.Build.0 = Release|Any CPU
		{A8BA1066-5695-4D71-ABB4-65E5A5E0C3D4}.Ad-Hoc|ARM.ActiveCfg = Release|Any CPU
		{A8BA1066-5695-4D71-ABB4-65E5A5E0C3D4}.Ad-Hoc|ARM.Build.0 = Release|Any CPU
		{A8BA1066-5695-4D71-ABB4-65E5A5E0C3D4}.Ad-Hoc|iPhone.ActiveCfg = Release|Any CPU
		{A8BA1066-5695-4D71-ABB4-65E5A5E0C3D4}.Ad-Hoc|iPhone.Build.0 = Release|Any CPU
		{A8BA1066-5695-4D71-ABB4-65E5A5E0C3D4}.Ad-Hoc|iPhoneSimulator.ActiveCfg = Release|Any CPU
		{A8BA1066-5695-4D71-ABB4-65E5A5E0C3D4}.Ad-Hoc|iPhoneSimulator.Build.0 = Release|Any CPU
		{A8BA1066-5695-4D71-ABB4-65E5A5E0C3D4}.Ad-Hoc|x64.ActiveCfg = Release|Any CPU
		{A8BA1066-5695-4D71-ABB4-65E5A5E0C3D4}.Ad-Hoc|x64.Build.0 = Release|Any CPU
		{A8BA1066-5695-4D71-ABB4-65E5A5E0C3D4}.Ad-Hoc|x86.ActiveCfg = Release|Any CPU
		{A8BA1066-5695-4D71-ABB4-65E5A5E0C3D4}.Ad-Hoc|x86.Build.0 = Release|Any CPU
		{A8BA1066-5695-4D71-ABB4-65E5A5E0C3D4}.AppStore|Any CPU.ActiveCfg = Release|Any CPU
		{A8BA1066-5695-4D71-ABB4-65E5A5E0C3D4}.AppStore|Any CPU.Build.0 = Release|Any CPU
		{A8BA1066-5695-4D71-ABB4-65E5A5E0C3D4}.AppStore|ARM.ActiveCfg = Release|Any CPU
		{A8BA1066-5695-4D71-ABB4-65E5A5E0C3D4}.AppStore|ARM.Build.0 = Release|Any CPU
		{A8BA1066-5695-4D71-ABB4-65E5A5E0C3D4}.AppStore|iPhone.ActiveCfg = Release|Any CPU
		{A8BA1066-5695-4D71-ABB4-65E5A5E0C3D4}.AppStore|iPhone.Build.0 = Release|Any CPU
		{A8BA1066-5695-4D71-ABB4-65E5A5E0C3D4}.AppStore|iPhoneSimulator.ActiveCfg = Release|Any CPU
		{A8BA1066-5695-4D71-ABB4-65E5A5E0C3D4}.AppStore|iPhoneSimulator.Build.0 = Release|Any CPU
		{A8BA1066-5695-4D71-ABB4-65E5A5E0C3D4}.AppStore|x64.ActiveCfg = Release|Any CPU
		{A8BA1066-5695-4D71-ABB4-65E5A5E0C3D4}.AppStore|x64.Build.0 = Release|Any CPU
		{A8BA1066-5695-4D71-ABB4-65E5A5E0C3D4}.AppStore|x86.ActiveCfg = Release|Any CPU
		{A8BA1066-5695-4D71-ABB4-65E5A5E0C3D4}.AppStore|x86.Build.0 = Release|Any CPU
		{A8BA1066-5695-4D71-ABB4-65E5A5E0C3D4}.Debug|Any CPU.ActiveCfg = Debug|Any CPU
		{A8BA1066-5695-4D71-ABB4-65E5A5E0C3D4}.Debug|Any CPU.Build.0 = Debug|Any CPU
		{A8BA1066-5695-4D71-ABB4-65E5A5E0C3D4}.Debug|ARM.ActiveCfg = Debug|Any CPU
		{A8BA1066-5695-4D71-ABB4-65E5A5E0C3D4}.Debug|ARM.Build.0 = Debug|Any CPU
		{A8BA1066-5695-4D71-ABB4-65E5A5E0C3D4}.Debug|iPhone.ActiveCfg = Debug|Any CPU
		{A8BA1066-5695-4D71-ABB4-65E5A5E0C3D4}.Debug|iPhone.Build.0 = Debug|Any CPU
		{A8BA1066-5695-4D71-ABB4-65E5A5E0C3D4}.Debug|iPhoneSimulator.ActiveCfg = Debug|Any CPU
		{A8BA1066-5695-4D71-ABB4-65E5A5E0C3D4}.Debug|iPhoneSimulator.Build.0 = Debug|Any CPU
		{A8BA1066-5695-4D71-ABB4-65E5A5E0C3D4}.Debug|x64.ActiveCfg = Debug|Any CPU
		{A8BA1066-5695-4D71-ABB4-65E5A5E0C3D4}.Debug|x64.Build.0 = Debug|Any CPU
		{A8BA1066-5695-4D71-ABB4-65E5A5E0C3D4}.Debug|x86.ActiveCfg = Debug|Any CPU
		{A8BA1066-5695-4D71-ABB4-65E5A5E0C3D4}.Debug|x86.Build.0 = Debug|Any CPU
		{A8BA1066-5695-4D71-ABB4-65E5A5E0C3D4}.Release|Any CPU.ActiveCfg = Release|Any CPU
		{A8BA1066-5695-4D71-ABB4-65E5A5E0C3D4}.Release|Any CPU.Build.0 = Release|Any CPU
		{A8BA1066-5695-4D71-ABB4-65E5A5E0C3D4}.Release|ARM.ActiveCfg = Release|Any CPU
		{A8BA1066-5695-4D71-ABB4-65E5A5E0C3D4}.Release|ARM.Build.0 = Release|Any CPU
		{A8BA1066-5695-4D71-ABB4-65E5A5E0C3D4}.Release|iPhone.ActiveCfg = Release|Any CPU
		{A8BA1066-5695-4D71-ABB4-65E5A5E0C3D4}.Release|iPhone.Build.0 = Release|Any CPU
		{A8BA1066-5695-4D71-ABB4-65E5A5E0C3D4}.Release|iPhoneSimulator.ActiveCfg = Release|Any CPU
		{A8BA1066-5695-4D71-ABB4-65E5A5E0C3D4}.Release|iPhoneSimulator.Build.0 = Release|Any CPU
		{A8BA1066-5695-4D71-ABB4-65E5A5E0C3D4}.Release|x64.ActiveCfg = Release|Any CPU
		{A8BA1066-5695-4D71-ABB4-65E5A5E0C3D4}.Release|x64.Build.0 = Release|Any CPU
		{A8BA1066-5695-4D71-ABB4-65E5A5E0C3D4}.Release|x86.ActiveCfg = Release|Any CPU
		{A8BA1066-5695-4D71-ABB4-65E5A5E0C3D4}.Release|x86.Build.0 = Release|Any CPU
		{880F0F77-7117-45CA-84B9-6257747CE0BF}.Ad-Hoc|Any CPU.ActiveCfg = Release|Any CPU
		{880F0F77-7117-45CA-84B9-6257747CE0BF}.Ad-Hoc|Any CPU.Build.0 = Release|Any CPU
		{880F0F77-7117-45CA-84B9-6257747CE0BF}.Ad-Hoc|ARM.ActiveCfg = Release|Any CPU
		{880F0F77-7117-45CA-84B9-6257747CE0BF}.Ad-Hoc|ARM.Build.0 = Release|Any CPU
		{880F0F77-7117-45CA-84B9-6257747CE0BF}.Ad-Hoc|iPhone.ActiveCfg = Release|Any CPU
		{880F0F77-7117-45CA-84B9-6257747CE0BF}.Ad-Hoc|iPhone.Build.0 = Release|Any CPU
		{880F0F77-7117-45CA-84B9-6257747CE0BF}.Ad-Hoc|iPhoneSimulator.ActiveCfg = Release|Any CPU
		{880F0F77-7117-45CA-84B9-6257747CE0BF}.Ad-Hoc|iPhoneSimulator.Build.0 = Release|Any CPU
		{880F0F77-7117-45CA-84B9-6257747CE0BF}.Ad-Hoc|x64.ActiveCfg = Release|Any CPU
		{880F0F77-7117-45CA-84B9-6257747CE0BF}.Ad-Hoc|x64.Build.0 = Release|Any CPU
		{880F0F77-7117-45CA-84B9-6257747CE0BF}.Ad-Hoc|x86.ActiveCfg = Release|Any CPU
		{880F0F77-7117-45CA-84B9-6257747CE0BF}.Ad-Hoc|x86.Build.0 = Release|Any CPU
		{880F0F77-7117-45CA-84B9-6257747CE0BF}.AppStore|Any CPU.ActiveCfg = Release|Any CPU
		{880F0F77-7117-45CA-84B9-6257747CE0BF}.AppStore|Any CPU.Build.0 = Release|Any CPU
		{880F0F77-7117-45CA-84B9-6257747CE0BF}.AppStore|ARM.ActiveCfg = Release|Any CPU
		{880F0F77-7117-45CA-84B9-6257747CE0BF}.AppStore|ARM.Build.0 = Release|Any CPU
		{880F0F77-7117-45CA-84B9-6257747CE0BF}.AppStore|iPhone.ActiveCfg = Release|Any CPU
		{880F0F77-7117-45CA-84B9-6257747CE0BF}.AppStore|iPhone.Build.0 = Release|Any CPU
		{880F0F77-7117-45CA-84B9-6257747CE0BF}.AppStore|iPhoneSimulator.ActiveCfg = Release|Any CPU
		{880F0F77-7117-45CA-84B9-6257747CE0BF}.AppStore|iPhoneSimulator.Build.0 = Release|Any CPU
		{880F0F77-7117-45CA-84B9-6257747CE0BF}.AppStore|x64.ActiveCfg = Release|Any CPU
		{880F0F77-7117-45CA-84B9-6257747CE0BF}.AppStore|x64.Build.0 = Release|Any CPU
		{880F0F77-7117-45CA-84B9-6257747CE0BF}.AppStore|x86.ActiveCfg = Release|Any CPU
		{880F0F77-7117-45CA-84B9-6257747CE0BF}.AppStore|x86.Build.0 = Release|Any CPU
		{880F0F77-7117-45CA-84B9-6257747CE0BF}.Debug|Any CPU.ActiveCfg = Debug|Any CPU
		{880F0F77-7117-45CA-84B9-6257747CE0BF}.Debug|Any CPU.Build.0 = Debug|Any CPU
		{880F0F77-7117-45CA-84B9-6257747CE0BF}.Debug|ARM.ActiveCfg = Debug|Any CPU
		{880F0F77-7117-45CA-84B9-6257747CE0BF}.Debug|ARM.Build.0 = Debug|Any CPU
		{880F0F77-7117-45CA-84B9-6257747CE0BF}.Debug|iPhone.ActiveCfg = Debug|Any CPU
		{880F0F77-7117-45CA-84B9-6257747CE0BF}.Debug|iPhone.Build.0 = Debug|Any CPU
		{880F0F77-7117-45CA-84B9-6257747CE0BF}.Debug|iPhoneSimulator.ActiveCfg = Debug|Any CPU
		{880F0F77-7117-45CA-84B9-6257747CE0BF}.Debug|iPhoneSimulator.Build.0 = Debug|Any CPU
		{880F0F77-7117-45CA-84B9-6257747CE0BF}.Debug|x64.ActiveCfg = Debug|Any CPU
		{880F0F77-7117-45CA-84B9-6257747CE0BF}.Debug|x64.Build.0 = Debug|Any CPU
		{880F0F77-7117-45CA-84B9-6257747CE0BF}.Debug|x86.ActiveCfg = Debug|Any CPU
		{880F0F77-7117-45CA-84B9-6257747CE0BF}.Debug|x86.Build.0 = Debug|Any CPU
		{880F0F77-7117-45CA-84B9-6257747CE0BF}.Release|Any CPU.ActiveCfg = Release|Any CPU
		{880F0F77-7117-45CA-84B9-6257747CE0BF}.Release|Any CPU.Build.0 = Release|Any CPU
		{880F0F77-7117-45CA-84B9-6257747CE0BF}.Release|ARM.ActiveCfg = Release|Any CPU
		{880F0F77-7117-45CA-84B9-6257747CE0BF}.Release|ARM.Build.0 = Release|Any CPU
		{880F0F77-7117-45CA-84B9-6257747CE0BF}.Release|iPhone.ActiveCfg = Release|Any CPU
		{880F0F77-7117-45CA-84B9-6257747CE0BF}.Release|iPhone.Build.0 = Release|Any CPU
		{880F0F77-7117-45CA-84B9-6257747CE0BF}.Release|iPhoneSimulator.ActiveCfg = Release|Any CPU
		{880F0F77-7117-45CA-84B9-6257747CE0BF}.Release|iPhoneSimulator.Build.0 = Release|Any CPU
		{880F0F77-7117-45CA-84B9-6257747CE0BF}.Release|x64.ActiveCfg = Release|Any CPU
		{880F0F77-7117-45CA-84B9-6257747CE0BF}.Release|x64.Build.0 = Release|Any CPU
		{880F0F77-7117-45CA-84B9-6257747CE0BF}.Release|x86.ActiveCfg = Release|Any CPU
		{880F0F77-7117-45CA-84B9-6257747CE0BF}.Release|x86.Build.0 = Release|Any CPU
		{0D586D96-DCE5-4775-9143-A7B3F2295E2D}.Ad-Hoc|Any CPU.ActiveCfg = Release|Any CPU
		{0D586D96-DCE5-4775-9143-A7B3F2295E2D}.Ad-Hoc|Any CPU.Build.0 = Release|Any CPU
		{0D586D96-DCE5-4775-9143-A7B3F2295E2D}.Ad-Hoc|Any CPU.Deploy.0 = Release|Any CPU
		{0D586D96-DCE5-4775-9143-A7B3F2295E2D}.Ad-Hoc|ARM.ActiveCfg = Release|Any CPU
		{0D586D96-DCE5-4775-9143-A7B3F2295E2D}.Ad-Hoc|ARM.Build.0 = Release|Any CPU
		{0D586D96-DCE5-4775-9143-A7B3F2295E2D}.Ad-Hoc|ARM.Deploy.0 = Release|Any CPU
		{0D586D96-DCE5-4775-9143-A7B3F2295E2D}.Ad-Hoc|iPhone.ActiveCfg = Release|Any CPU
		{0D586D96-DCE5-4775-9143-A7B3F2295E2D}.Ad-Hoc|iPhone.Build.0 = Release|Any CPU
		{0D586D96-DCE5-4775-9143-A7B3F2295E2D}.Ad-Hoc|iPhone.Deploy.0 = Release|Any CPU
		{0D586D96-DCE5-4775-9143-A7B3F2295E2D}.Ad-Hoc|iPhoneSimulator.ActiveCfg = Release|Any CPU
		{0D586D96-DCE5-4775-9143-A7B3F2295E2D}.Ad-Hoc|iPhoneSimulator.Build.0 = Release|Any CPU
		{0D586D96-DCE5-4775-9143-A7B3F2295E2D}.Ad-Hoc|iPhoneSimulator.Deploy.0 = Release|Any CPU
		{0D586D96-DCE5-4775-9143-A7B3F2295E2D}.Ad-Hoc|x64.ActiveCfg = Release|Any CPU
		{0D586D96-DCE5-4775-9143-A7B3F2295E2D}.Ad-Hoc|x64.Build.0 = Release|Any CPU
		{0D586D96-DCE5-4775-9143-A7B3F2295E2D}.Ad-Hoc|x64.Deploy.0 = Release|Any CPU
		{0D586D96-DCE5-4775-9143-A7B3F2295E2D}.Ad-Hoc|x86.ActiveCfg = Release|Any CPU
		{0D586D96-DCE5-4775-9143-A7B3F2295E2D}.Ad-Hoc|x86.Build.0 = Release|Any CPU
		{0D586D96-DCE5-4775-9143-A7B3F2295E2D}.Ad-Hoc|x86.Deploy.0 = Release|Any CPU
		{0D586D96-DCE5-4775-9143-A7B3F2295E2D}.AppStore|Any CPU.ActiveCfg = Release|Any CPU
		{0D586D96-DCE5-4775-9143-A7B3F2295E2D}.AppStore|Any CPU.Build.0 = Release|Any CPU
		{0D586D96-DCE5-4775-9143-A7B3F2295E2D}.AppStore|Any CPU.Deploy.0 = Release|Any CPU
		{0D586D96-DCE5-4775-9143-A7B3F2295E2D}.AppStore|ARM.ActiveCfg = Release|Any CPU
		{0D586D96-DCE5-4775-9143-A7B3F2295E2D}.AppStore|ARM.Build.0 = Release|Any CPU
		{0D586D96-DCE5-4775-9143-A7B3F2295E2D}.AppStore|ARM.Deploy.0 = Release|Any CPU
		{0D586D96-DCE5-4775-9143-A7B3F2295E2D}.AppStore|iPhone.ActiveCfg = Release|Any CPU
		{0D586D96-DCE5-4775-9143-A7B3F2295E2D}.AppStore|iPhone.Build.0 = Release|Any CPU
		{0D586D96-DCE5-4775-9143-A7B3F2295E2D}.AppStore|iPhone.Deploy.0 = Release|Any CPU
		{0D586D96-DCE5-4775-9143-A7B3F2295E2D}.AppStore|iPhoneSimulator.ActiveCfg = Release|Any CPU
		{0D586D96-DCE5-4775-9143-A7B3F2295E2D}.AppStore|iPhoneSimulator.Build.0 = Release|Any CPU
		{0D586D96-DCE5-4775-9143-A7B3F2295E2D}.AppStore|iPhoneSimulator.Deploy.0 = Release|Any CPU
		{0D586D96-DCE5-4775-9143-A7B3F2295E2D}.AppStore|x64.ActiveCfg = Release|Any CPU
		{0D586D96-DCE5-4775-9143-A7B3F2295E2D}.AppStore|x64.Build.0 = Release|Any CPU
		{0D586D96-DCE5-4775-9143-A7B3F2295E2D}.AppStore|x64.Deploy.0 = Release|Any CPU
		{0D586D96-DCE5-4775-9143-A7B3F2295E2D}.AppStore|x86.ActiveCfg = Release|Any CPU
		{0D586D96-DCE5-4775-9143-A7B3F2295E2D}.AppStore|x86.Build.0 = Release|Any CPU
		{0D586D96-DCE5-4775-9143-A7B3F2295E2D}.AppStore|x86.Deploy.0 = Release|Any CPU
		{0D586D96-DCE5-4775-9143-A7B3F2295E2D}.Debug|Any CPU.ActiveCfg = Debug|Any CPU
		{0D586D96-DCE5-4775-9143-A7B3F2295E2D}.Debug|Any CPU.Build.0 = Debug|Any CPU
		{0D586D96-DCE5-4775-9143-A7B3F2295E2D}.Debug|Any CPU.Deploy.0 = Debug|Any CPU
		{0D586D96-DCE5-4775-9143-A7B3F2295E2D}.Debug|ARM.ActiveCfg = Debug|Any CPU
		{0D586D96-DCE5-4775-9143-A7B3F2295E2D}.Debug|ARM.Build.0 = Debug|Any CPU
		{0D586D96-DCE5-4775-9143-A7B3F2295E2D}.Debug|ARM.Deploy.0 = Debug|Any CPU
		{0D586D96-DCE5-4775-9143-A7B3F2295E2D}.Debug|iPhone.ActiveCfg = Debug|Any CPU
		{0D586D96-DCE5-4775-9143-A7B3F2295E2D}.Debug|iPhone.Build.0 = Debug|Any CPU
		{0D586D96-DCE5-4775-9143-A7B3F2295E2D}.Debug|iPhone.Deploy.0 = Debug|Any CPU
		{0D586D96-DCE5-4775-9143-A7B3F2295E2D}.Debug|iPhoneSimulator.ActiveCfg = Debug|Any CPU
		{0D586D96-DCE5-4775-9143-A7B3F2295E2D}.Debug|iPhoneSimulator.Build.0 = Debug|Any CPU
		{0D586D96-DCE5-4775-9143-A7B3F2295E2D}.Debug|iPhoneSimulator.Deploy.0 = Debug|Any CPU
		{0D586D96-DCE5-4775-9143-A7B3F2295E2D}.Debug|x64.ActiveCfg = Debug|Any CPU
		{0D586D96-DCE5-4775-9143-A7B3F2295E2D}.Debug|x64.Build.0 = Debug|Any CPU
		{0D586D96-DCE5-4775-9143-A7B3F2295E2D}.Debug|x64.Deploy.0 = Debug|Any CPU
		{0D586D96-DCE5-4775-9143-A7B3F2295E2D}.Debug|x86.ActiveCfg = Debug|Any CPU
		{0D586D96-DCE5-4775-9143-A7B3F2295E2D}.Debug|x86.Build.0 = Debug|Any CPU
		{0D586D96-DCE5-4775-9143-A7B3F2295E2D}.Debug|x86.Deploy.0 = Debug|Any CPU
		{0D586D96-DCE5-4775-9143-A7B3F2295E2D}.Release|Any CPU.ActiveCfg = Release|Any CPU
		{0D586D96-DCE5-4775-9143-A7B3F2295E2D}.Release|Any CPU.Build.0 = Release|Any CPU
		{0D586D96-DCE5-4775-9143-A7B3F2295E2D}.Release|Any CPU.Deploy.0 = Release|Any CPU
		{0D586D96-DCE5-4775-9143-A7B3F2295E2D}.Release|ARM.ActiveCfg = Release|Any CPU
		{0D586D96-DCE5-4775-9143-A7B3F2295E2D}.Release|ARM.Build.0 = Release|Any CPU
		{0D586D96-DCE5-4775-9143-A7B3F2295E2D}.Release|ARM.Deploy.0 = Release|Any CPU
		{0D586D96-DCE5-4775-9143-A7B3F2295E2D}.Release|iPhone.ActiveCfg = Release|Any CPU
		{0D586D96-DCE5-4775-9143-A7B3F2295E2D}.Release|iPhone.Build.0 = Release|Any CPU
		{0D586D96-DCE5-4775-9143-A7B3F2295E2D}.Release|iPhone.Deploy.0 = Release|Any CPU
		{0D586D96-DCE5-4775-9143-A7B3F2295E2D}.Release|iPhoneSimulator.ActiveCfg = Release|Any CPU
		{0D586D96-DCE5-4775-9143-A7B3F2295E2D}.Release|iPhoneSimulator.Build.0 = Release|Any CPU
		{0D586D96-DCE5-4775-9143-A7B3F2295E2D}.Release|iPhoneSimulator.Deploy.0 = Release|Any CPU
		{0D586D96-DCE5-4775-9143-A7B3F2295E2D}.Release|x64.ActiveCfg = Release|Any CPU
		{0D586D96-DCE5-4775-9143-A7B3F2295E2D}.Release|x64.Build.0 = Release|Any CPU
		{0D586D96-DCE5-4775-9143-A7B3F2295E2D}.Release|x64.Deploy.0 = Release|Any CPU
		{0D586D96-DCE5-4775-9143-A7B3F2295E2D}.Release|x86.ActiveCfg = Release|Any CPU
		{0D586D96-DCE5-4775-9143-A7B3F2295E2D}.Release|x86.Build.0 = Release|Any CPU
		{0D586D96-DCE5-4775-9143-A7B3F2295E2D}.Release|x86.Deploy.0 = Release|Any CPU
		{888D09F2-20CE-4F4C-B3DD-F868A0C7D73C}.Ad-Hoc|Any CPU.ActiveCfg = Ad-Hoc|iPhone
		{888D09F2-20CE-4F4C-B3DD-F868A0C7D73C}.Ad-Hoc|ARM.ActiveCfg = Ad-Hoc|iPhone
		{888D09F2-20CE-4F4C-B3DD-F868A0C7D73C}.Ad-Hoc|iPhone.ActiveCfg = Ad-Hoc|iPhone
		{888D09F2-20CE-4F4C-B3DD-F868A0C7D73C}.Ad-Hoc|iPhone.Build.0 = Ad-Hoc|iPhone
		{888D09F2-20CE-4F4C-B3DD-F868A0C7D73C}.Ad-Hoc|iPhoneSimulator.ActiveCfg = Ad-Hoc|iPhoneSimulator
		{888D09F2-20CE-4F4C-B3DD-F868A0C7D73C}.Ad-Hoc|iPhoneSimulator.Build.0 = Ad-Hoc|iPhoneSimulator
		{888D09F2-20CE-4F4C-B3DD-F868A0C7D73C}.Ad-Hoc|x64.ActiveCfg = Ad-Hoc|iPhone
		{888D09F2-20CE-4F4C-B3DD-F868A0C7D73C}.Ad-Hoc|x86.ActiveCfg = Ad-Hoc|iPhone
		{888D09F2-20CE-4F4C-B3DD-F868A0C7D73C}.AppStore|Any CPU.ActiveCfg = AppStore|iPhone
		{888D09F2-20CE-4F4C-B3DD-F868A0C7D73C}.AppStore|ARM.ActiveCfg = AppStore|iPhone
		{888D09F2-20CE-4F4C-B3DD-F868A0C7D73C}.AppStore|iPhone.ActiveCfg = AppStore|iPhone
		{888D09F2-20CE-4F4C-B3DD-F868A0C7D73C}.AppStore|iPhone.Build.0 = AppStore|iPhone
		{888D09F2-20CE-4F4C-B3DD-F868A0C7D73C}.AppStore|iPhoneSimulator.ActiveCfg = AppStore|iPhoneSimulator
		{888D09F2-20CE-4F4C-B3DD-F868A0C7D73C}.AppStore|iPhoneSimulator.Build.0 = AppStore|iPhoneSimulator
		{888D09F2-20CE-4F4C-B3DD-F868A0C7D73C}.AppStore|x64.ActiveCfg = AppStore|iPhone
		{888D09F2-20CE-4F4C-B3DD-F868A0C7D73C}.AppStore|x86.ActiveCfg = AppStore|iPhone
		{888D09F2-20CE-4F4C-B3DD-F868A0C7D73C}.Debug|Any CPU.ActiveCfg = Debug|iPhone
		{888D09F2-20CE-4F4C-B3DD-F868A0C7D73C}.Debug|ARM.ActiveCfg = Debug|iPhone
		{888D09F2-20CE-4F4C-B3DD-F868A0C7D73C}.Debug|iPhone.ActiveCfg = Debug|iPhone
		{888D09F2-20CE-4F4C-B3DD-F868A0C7D73C}.Debug|iPhone.Build.0 = Debug|iPhone
		{888D09F2-20CE-4F4C-B3DD-F868A0C7D73C}.Debug|iPhoneSimulator.ActiveCfg = Debug|iPhoneSimulator
		{888D09F2-20CE-4F4C-B3DD-F868A0C7D73C}.Debug|iPhoneSimulator.Build.0 = Debug|iPhoneSimulator
		{888D09F2-20CE-4F4C-B3DD-F868A0C7D73C}.Debug|x64.ActiveCfg = Debug|iPhone
		{888D09F2-20CE-4F4C-B3DD-F868A0C7D73C}.Debug|x86.ActiveCfg = Debug|iPhone
		{888D09F2-20CE-4F4C-B3DD-F868A0C7D73C}.Release|Any CPU.ActiveCfg = Release|iPhone
		{888D09F2-20CE-4F4C-B3DD-F868A0C7D73C}.Release|ARM.ActiveCfg = Release|iPhone
		{888D09F2-20CE-4F4C-B3DD-F868A0C7D73C}.Release|iPhone.ActiveCfg = Release|iPhone
		{888D09F2-20CE-4F4C-B3DD-F868A0C7D73C}.Release|iPhone.Build.0 = Release|iPhone
		{888D09F2-20CE-4F4C-B3DD-F868A0C7D73C}.Release|iPhoneSimulator.ActiveCfg = Release|iPhoneSimulator
		{888D09F2-20CE-4F4C-B3DD-F868A0C7D73C}.Release|iPhoneSimulator.Build.0 = Release|iPhoneSimulator
		{888D09F2-20CE-4F4C-B3DD-F868A0C7D73C}.Release|x64.ActiveCfg = Release|iPhone
		{888D09F2-20CE-4F4C-B3DD-F868A0C7D73C}.Release|x86.ActiveCfg = Release|iPhone
		{674A6AE0-37F3-41DB-844E-AB6A502D2683}.Ad-Hoc|Any CPU.ActiveCfg = Release|Any CPU
		{674A6AE0-37F3-41DB-844E-AB6A502D2683}.Ad-Hoc|Any CPU.Build.0 = Release|Any CPU
		{674A6AE0-37F3-41DB-844E-AB6A502D2683}.Ad-Hoc|Any CPU.Deploy.0 = Release|Any CPU
		{674A6AE0-37F3-41DB-844E-AB6A502D2683}.Ad-Hoc|ARM.ActiveCfg = Release|ARM
		{674A6AE0-37F3-41DB-844E-AB6A502D2683}.Ad-Hoc|ARM.Build.0 = Release|ARM
		{674A6AE0-37F3-41DB-844E-AB6A502D2683}.Ad-Hoc|ARM.Deploy.0 = Release|ARM
		{674A6AE0-37F3-41DB-844E-AB6A502D2683}.Ad-Hoc|iPhone.ActiveCfg = Release|Any CPU
		{674A6AE0-37F3-41DB-844E-AB6A502D2683}.Ad-Hoc|iPhone.Build.0 = Release|Any CPU
		{674A6AE0-37F3-41DB-844E-AB6A502D2683}.Ad-Hoc|iPhone.Deploy.0 = Release|Any CPU
		{674A6AE0-37F3-41DB-844E-AB6A502D2683}.Ad-Hoc|iPhoneSimulator.ActiveCfg = Release|Any CPU
		{674A6AE0-37F3-41DB-844E-AB6A502D2683}.Ad-Hoc|iPhoneSimulator.Build.0 = Release|Any CPU
		{674A6AE0-37F3-41DB-844E-AB6A502D2683}.Ad-Hoc|iPhoneSimulator.Deploy.0 = Release|Any CPU
		{674A6AE0-37F3-41DB-844E-AB6A502D2683}.Ad-Hoc|x64.ActiveCfg = Release|Any CPU
		{674A6AE0-37F3-41DB-844E-AB6A502D2683}.Ad-Hoc|x64.Build.0 = Release|Any CPU
		{674A6AE0-37F3-41DB-844E-AB6A502D2683}.Ad-Hoc|x64.Deploy.0 = Release|Any CPU
		{674A6AE0-37F3-41DB-844E-AB6A502D2683}.Ad-Hoc|x86.ActiveCfg = Release|x86
		{674A6AE0-37F3-41DB-844E-AB6A502D2683}.Ad-Hoc|x86.Build.0 = Release|x86
		{674A6AE0-37F3-41DB-844E-AB6A502D2683}.Ad-Hoc|x86.Deploy.0 = Release|x86
		{674A6AE0-37F3-41DB-844E-AB6A502D2683}.AppStore|Any CPU.ActiveCfg = Release|Any CPU
		{674A6AE0-37F3-41DB-844E-AB6A502D2683}.AppStore|Any CPU.Build.0 = Release|Any CPU
		{674A6AE0-37F3-41DB-844E-AB6A502D2683}.AppStore|Any CPU.Deploy.0 = Release|Any CPU
		{674A6AE0-37F3-41DB-844E-AB6A502D2683}.AppStore|ARM.ActiveCfg = Release|ARM
		{674A6AE0-37F3-41DB-844E-AB6A502D2683}.AppStore|ARM.Build.0 = Release|ARM
		{674A6AE0-37F3-41DB-844E-AB6A502D2683}.AppStore|ARM.Deploy.0 = Release|ARM
		{674A6AE0-37F3-41DB-844E-AB6A502D2683}.AppStore|iPhone.ActiveCfg = Release|Any CPU
		{674A6AE0-37F3-41DB-844E-AB6A502D2683}.AppStore|iPhone.Build.0 = Release|Any CPU
		{674A6AE0-37F3-41DB-844E-AB6A502D2683}.AppStore|iPhone.Deploy.0 = Release|Any CPU
		{674A6AE0-37F3-41DB-844E-AB6A502D2683}.AppStore|iPhoneSimulator.ActiveCfg = Release|Any CPU
		{674A6AE0-37F3-41DB-844E-AB6A502D2683}.AppStore|iPhoneSimulator.Build.0 = Release|Any CPU
		{674A6AE0-37F3-41DB-844E-AB6A502D2683}.AppStore|iPhoneSimulator.Deploy.0 = Release|Any CPU
		{674A6AE0-37F3-41DB-844E-AB6A502D2683}.AppStore|x64.ActiveCfg = Release|Any CPU
		{674A6AE0-37F3-41DB-844E-AB6A502D2683}.AppStore|x64.Build.0 = Release|Any CPU
		{674A6AE0-37F3-41DB-844E-AB6A502D2683}.AppStore|x64.Deploy.0 = Release|Any CPU
		{674A6AE0-37F3-41DB-844E-AB6A502D2683}.AppStore|x86.ActiveCfg = Release|x86
		{674A6AE0-37F3-41DB-844E-AB6A502D2683}.AppStore|x86.Build.0 = Release|x86
		{674A6AE0-37F3-41DB-844E-AB6A502D2683}.AppStore|x86.Deploy.0 = Release|x86
		{674A6AE0-37F3-41DB-844E-AB6A502D2683}.Debug|Any CPU.ActiveCfg = Debug|Any CPU
		{674A6AE0-37F3-41DB-844E-AB6A502D2683}.Debug|Any CPU.Build.0 = Debug|Any CPU
		{674A6AE0-37F3-41DB-844E-AB6A502D2683}.Debug|Any CPU.Deploy.0 = Debug|Any CPU
		{674A6AE0-37F3-41DB-844E-AB6A502D2683}.Debug|ARM.ActiveCfg = Debug|ARM
		{674A6AE0-37F3-41DB-844E-AB6A502D2683}.Debug|ARM.Build.0 = Debug|ARM
		{674A6AE0-37F3-41DB-844E-AB6A502D2683}.Debug|ARM.Deploy.0 = Debug|ARM
		{674A6AE0-37F3-41DB-844E-AB6A502D2683}.Debug|iPhone.ActiveCfg = Debug|Any CPU
		{674A6AE0-37F3-41DB-844E-AB6A502D2683}.Debug|iPhone.Build.0 = Debug|Any CPU
		{674A6AE0-37F3-41DB-844E-AB6A502D2683}.Debug|iPhone.Deploy.0 = Debug|Any CPU
		{674A6AE0-37F3-41DB-844E-AB6A502D2683}.Debug|iPhoneSimulator.ActiveCfg = Debug|Any CPU
		{674A6AE0-37F3-41DB-844E-AB6A502D2683}.Debug|iPhoneSimulator.Build.0 = Debug|Any CPU
		{674A6AE0-37F3-41DB-844E-AB6A502D2683}.Debug|iPhoneSimulator.Deploy.0 = Debug|Any CPU
		{674A6AE0-37F3-41DB-844E-AB6A502D2683}.Debug|x64.ActiveCfg = Debug|Any CPU
		{674A6AE0-37F3-41DB-844E-AB6A502D2683}.Debug|x64.Build.0 = Debug|Any CPU
		{674A6AE0-37F3-41DB-844E-AB6A502D2683}.Debug|x64.Deploy.0 = Debug|Any CPU
		{674A6AE0-37F3-41DB-844E-AB6A502D2683}.Debug|x86.ActiveCfg = Debug|x86
		{674A6AE0-37F3-41DB-844E-AB6A502D2683}.Debug|x86.Build.0 = Debug|x86
		{674A6AE0-37F3-41DB-844E-AB6A502D2683}.Debug|x86.Deploy.0 = Debug|x86
		{674A6AE0-37F3-41DB-844E-AB6A502D2683}.Release|Any CPU.ActiveCfg = Release|Any CPU
		{674A6AE0-37F3-41DB-844E-AB6A502D2683}.Release|Any CPU.Build.0 = Release|Any CPU
		{674A6AE0-37F3-41DB-844E-AB6A502D2683}.Release|Any CPU.Deploy.0 = Release|Any CPU
		{674A6AE0-37F3-41DB-844E-AB6A502D2683}.Release|ARM.ActiveCfg = Release|ARM
		{674A6AE0-37F3-41DB-844E-AB6A502D2683}.Release|ARM.Build.0 = Release|ARM
		{674A6AE0-37F3-41DB-844E-AB6A502D2683}.Release|ARM.Deploy.0 = Release|ARM
		{674A6AE0-37F3-41DB-844E-AB6A502D2683}.Release|iPhone.ActiveCfg = Release|Any CPU
		{674A6AE0-37F3-41DB-844E-AB6A502D2683}.Release|iPhone.Build.0 = Release|Any CPU
		{674A6AE0-37F3-41DB-844E-AB6A502D2683}.Release|iPhone.Deploy.0 = Release|Any CPU
		{674A6AE0-37F3-41DB-844E-AB6A502D2683}.Release|iPhoneSimulator.ActiveCfg = Release|Any CPU
		{674A6AE0-37F3-41DB-844E-AB6A502D2683}.Release|iPhoneSimulator.Build.0 = Release|Any CPU
		{674A6AE0-37F3-41DB-844E-AB6A502D2683}.Release|iPhoneSimulator.Deploy.0 = Release|Any CPU
		{674A6AE0-37F3-41DB-844E-AB6A502D2683}.Release|x64.ActiveCfg = Release|Any CPU
		{674A6AE0-37F3-41DB-844E-AB6A502D2683}.Release|x64.Build.0 = Release|Any CPU
		{674A6AE0-37F3-41DB-844E-AB6A502D2683}.Release|x64.Deploy.0 = Release|Any CPU
		{674A6AE0-37F3-41DB-844E-AB6A502D2683}.Release|x86.ActiveCfg = Release|x86
		{674A6AE0-37F3-41DB-844E-AB6A502D2683}.Release|x86.Build.0 = Release|x86
		{674A6AE0-37F3-41DB-844E-AB6A502D2683}.Release|x86.Deploy.0 = Release|x86
		{49E97D27-02EC-4812-B9D0-5480F8EA823B}.Ad-Hoc|Any CPU.ActiveCfg = Release|x86
		{49E97D27-02EC-4812-B9D0-5480F8EA823B}.Ad-Hoc|Any CPU.Build.0 = Release|x86
		{49E97D27-02EC-4812-B9D0-5480F8EA823B}.Ad-Hoc|Any CPU.Deploy.0 = Release|x86
		{49E97D27-02EC-4812-B9D0-5480F8EA823B}.Ad-Hoc|ARM.ActiveCfg = Release|ARM
		{49E97D27-02EC-4812-B9D0-5480F8EA823B}.Ad-Hoc|ARM.Build.0 = Release|ARM
		{49E97D27-02EC-4812-B9D0-5480F8EA823B}.Ad-Hoc|ARM.Deploy.0 = Release|ARM
		{49E97D27-02EC-4812-B9D0-5480F8EA823B}.Ad-Hoc|iPhone.ActiveCfg = Release|x86
		{49E97D27-02EC-4812-B9D0-5480F8EA823B}.Ad-Hoc|iPhone.Build.0 = Release|x86
		{49E97D27-02EC-4812-B9D0-5480F8EA823B}.Ad-Hoc|iPhone.Deploy.0 = Release|x86
		{49E97D27-02EC-4812-B9D0-5480F8EA823B}.Ad-Hoc|iPhoneSimulator.ActiveCfg = Release|x86
		{49E97D27-02EC-4812-B9D0-5480F8EA823B}.Ad-Hoc|iPhoneSimulator.Build.0 = Release|x86
		{49E97D27-02EC-4812-B9D0-5480F8EA823B}.Ad-Hoc|iPhoneSimulator.Deploy.0 = Release|x86
		{49E97D27-02EC-4812-B9D0-5480F8EA823B}.Ad-Hoc|x64.ActiveCfg = Release|x64
		{49E97D27-02EC-4812-B9D0-5480F8EA823B}.Ad-Hoc|x64.Build.0 = Release|x64
		{49E97D27-02EC-4812-B9D0-5480F8EA823B}.Ad-Hoc|x64.Deploy.0 = Release|x64
		{49E97D27-02EC-4812-B9D0-5480F8EA823B}.Ad-Hoc|x86.ActiveCfg = Release|x86
		{49E97D27-02EC-4812-B9D0-5480F8EA823B}.Ad-Hoc|x86.Build.0 = Release|x86
		{49E97D27-02EC-4812-B9D0-5480F8EA823B}.Ad-Hoc|x86.Deploy.0 = Release|x86
		{49E97D27-02EC-4812-B9D0-5480F8EA823B}.AppStore|Any CPU.ActiveCfg = Release|x86
		{49E97D27-02EC-4812-B9D0-5480F8EA823B}.AppStore|Any CPU.Build.0 = Release|x86
		{49E97D27-02EC-4812-B9D0-5480F8EA823B}.AppStore|Any CPU.Deploy.0 = Release|x86
		{49E97D27-02EC-4812-B9D0-5480F8EA823B}.AppStore|ARM.ActiveCfg = Release|ARM
		{49E97D27-02EC-4812-B9D0-5480F8EA823B}.AppStore|ARM.Build.0 = Release|ARM
		{49E97D27-02EC-4812-B9D0-5480F8EA823B}.AppStore|ARM.Deploy.0 = Release|ARM
		{49E97D27-02EC-4812-B9D0-5480F8EA823B}.AppStore|iPhone.ActiveCfg = Release|x86
		{49E97D27-02EC-4812-B9D0-5480F8EA823B}.AppStore|iPhone.Build.0 = Release|x86
		{49E97D27-02EC-4812-B9D0-5480F8EA823B}.AppStore|iPhone.Deploy.0 = Release|x86
		{49E97D27-02EC-4812-B9D0-5480F8EA823B}.AppStore|iPhoneSimulator.ActiveCfg = Release|x86
		{49E97D27-02EC-4812-B9D0-5480F8EA823B}.AppStore|iPhoneSimulator.Build.0 = Release|x86
		{49E97D27-02EC-4812-B9D0-5480F8EA823B}.AppStore|iPhoneSimulator.Deploy.0 = Release|x86
		{49E97D27-02EC-4812-B9D0-5480F8EA823B}.AppStore|x64.ActiveCfg = Release|x64
		{49E97D27-02EC-4812-B9D0-5480F8EA823B}.AppStore|x64.Build.0 = Release|x64
		{49E97D27-02EC-4812-B9D0-5480F8EA823B}.AppStore|x64.Deploy.0 = Release|x64
		{49E97D27-02EC-4812-B9D0-5480F8EA823B}.AppStore|x86.ActiveCfg = Release|x86
		{49E97D27-02EC-4812-B9D0-5480F8EA823B}.AppStore|x86.Build.0 = Release|x86
		{49E97D27-02EC-4812-B9D0-5480F8EA823B}.AppStore|x86.Deploy.0 = Release|x86
		{49E97D27-02EC-4812-B9D0-5480F8EA823B}.Debug|Any CPU.ActiveCfg = Debug|x86
		{49E97D27-02EC-4812-B9D0-5480F8EA823B}.Debug|ARM.ActiveCfg = Debug|ARM
		{49E97D27-02EC-4812-B9D0-5480F8EA823B}.Debug|ARM.Build.0 = Debug|ARM
		{49E97D27-02EC-4812-B9D0-5480F8EA823B}.Debug|ARM.Deploy.0 = Debug|ARM
		{49E97D27-02EC-4812-B9D0-5480F8EA823B}.Debug|iPhone.ActiveCfg = Debug|x86
		{49E97D27-02EC-4812-B9D0-5480F8EA823B}.Debug|iPhoneSimulator.ActiveCfg = Debug|x86
		{49E97D27-02EC-4812-B9D0-5480F8EA823B}.Debug|x64.ActiveCfg = Debug|x64
		{49E97D27-02EC-4812-B9D0-5480F8EA823B}.Debug|x64.Build.0 = Debug|x64
		{49E97D27-02EC-4812-B9D0-5480F8EA823B}.Debug|x64.Deploy.0 = Debug|x64
		{49E97D27-02EC-4812-B9D0-5480F8EA823B}.Debug|x86.ActiveCfg = Debug|x86
		{49E97D27-02EC-4812-B9D0-5480F8EA823B}.Debug|x86.Build.0 = Debug|x86
		{49E97D27-02EC-4812-B9D0-5480F8EA823B}.Debug|x86.Deploy.0 = Debug|x86
		{49E97D27-02EC-4812-B9D0-5480F8EA823B}.Release|Any CPU.ActiveCfg = Release|x86
		{49E97D27-02EC-4812-B9D0-5480F8EA823B}.Release|ARM.ActiveCfg = Release|ARM
		{49E97D27-02EC-4812-B9D0-5480F8EA823B}.Release|ARM.Build.0 = Release|ARM
		{49E97D27-02EC-4812-B9D0-5480F8EA823B}.Release|ARM.Deploy.0 = Release|ARM
		{49E97D27-02EC-4812-B9D0-5480F8EA823B}.Release|iPhone.ActiveCfg = Release|x86
		{49E97D27-02EC-4812-B9D0-5480F8EA823B}.Release|iPhoneSimulator.ActiveCfg = Release|x86
		{49E97D27-02EC-4812-B9D0-5480F8EA823B}.Release|x64.ActiveCfg = Release|x64
		{49E97D27-02EC-4812-B9D0-5480F8EA823B}.Release|x64.Build.0 = Release|x64
		{49E97D27-02EC-4812-B9D0-5480F8EA823B}.Release|x64.Deploy.0 = Release|x64
		{49E97D27-02EC-4812-B9D0-5480F8EA823B}.Release|x86.ActiveCfg = Release|x86
		{49E97D27-02EC-4812-B9D0-5480F8EA823B}.Release|x86.Build.0 = Release|x86
		{49E97D27-02EC-4812-B9D0-5480F8EA823B}.Release|x86.Deploy.0 = Release|x86
		{F1BE5E6F-151D-456C-9352-FA7EE74576AC}.Ad-Hoc|Any CPU.ActiveCfg = Release|Any CPU
		{F1BE5E6F-151D-456C-9352-FA7EE74576AC}.Ad-Hoc|Any CPU.Build.0 = Release|Any CPU
		{F1BE5E6F-151D-456C-9352-FA7EE74576AC}.Ad-Hoc|Any CPU.Deploy.0 = Release|Any CPU
		{F1BE5E6F-151D-456C-9352-FA7EE74576AC}.Ad-Hoc|ARM.ActiveCfg = Release|ARM
		{F1BE5E6F-151D-456C-9352-FA7EE74576AC}.Ad-Hoc|ARM.Build.0 = Release|ARM
		{F1BE5E6F-151D-456C-9352-FA7EE74576AC}.Ad-Hoc|ARM.Deploy.0 = Release|ARM
		{F1BE5E6F-151D-456C-9352-FA7EE74576AC}.Ad-Hoc|iPhone.ActiveCfg = Release|Any CPU
		{F1BE5E6F-151D-456C-9352-FA7EE74576AC}.Ad-Hoc|iPhone.Build.0 = Release|Any CPU
		{F1BE5E6F-151D-456C-9352-FA7EE74576AC}.Ad-Hoc|iPhone.Deploy.0 = Release|Any CPU
		{F1BE5E6F-151D-456C-9352-FA7EE74576AC}.Ad-Hoc|iPhoneSimulator.ActiveCfg = Release|Any CPU
		{F1BE5E6F-151D-456C-9352-FA7EE74576AC}.Ad-Hoc|iPhoneSimulator.Build.0 = Release|Any CPU
		{F1BE5E6F-151D-456C-9352-FA7EE74576AC}.Ad-Hoc|iPhoneSimulator.Deploy.0 = Release|Any CPU
		{F1BE5E6F-151D-456C-9352-FA7EE74576AC}.Ad-Hoc|x64.ActiveCfg = Release|x64
		{F1BE5E6F-151D-456C-9352-FA7EE74576AC}.Ad-Hoc|x64.Build.0 = Release|x64
		{F1BE5E6F-151D-456C-9352-FA7EE74576AC}.Ad-Hoc|x64.Deploy.0 = Release|x64
		{F1BE5E6F-151D-456C-9352-FA7EE74576AC}.Ad-Hoc|x86.ActiveCfg = Release|x86
		{F1BE5E6F-151D-456C-9352-FA7EE74576AC}.Ad-Hoc|x86.Build.0 = Release|x86
		{F1BE5E6F-151D-456C-9352-FA7EE74576AC}.Ad-Hoc|x86.Deploy.0 = Release|x86
		{F1BE5E6F-151D-456C-9352-FA7EE74576AC}.AppStore|Any CPU.ActiveCfg = Release|Any CPU
		{F1BE5E6F-151D-456C-9352-FA7EE74576AC}.AppStore|Any CPU.Build.0 = Release|Any CPU
		{F1BE5E6F-151D-456C-9352-FA7EE74576AC}.AppStore|Any CPU.Deploy.0 = Release|Any CPU
		{F1BE5E6F-151D-456C-9352-FA7EE74576AC}.AppStore|ARM.ActiveCfg = Release|ARM
		{F1BE5E6F-151D-456C-9352-FA7EE74576AC}.AppStore|ARM.Build.0 = Release|ARM
		{F1BE5E6F-151D-456C-9352-FA7EE74576AC}.AppStore|ARM.Deploy.0 = Release|ARM
		{F1BE5E6F-151D-456C-9352-FA7EE74576AC}.AppStore|iPhone.ActiveCfg = Release|Any CPU
		{F1BE5E6F-151D-456C-9352-FA7EE74576AC}.AppStore|iPhone.Build.0 = Release|Any CPU
		{F1BE5E6F-151D-456C-9352-FA7EE74576AC}.AppStore|iPhone.Deploy.0 = Release|Any CPU
		{F1BE5E6F-151D-456C-9352-FA7EE74576AC}.AppStore|iPhoneSimulator.ActiveCfg = Release|Any CPU
		{F1BE5E6F-151D-456C-9352-FA7EE74576AC}.AppStore|iPhoneSimulator.Build.0 = Release|Any CPU
		{F1BE5E6F-151D-456C-9352-FA7EE74576AC}.AppStore|iPhoneSimulator.Deploy.0 = Release|Any CPU
		{F1BE5E6F-151D-456C-9352-FA7EE74576AC}.AppStore|x64.ActiveCfg = Release|x64
		{F1BE5E6F-151D-456C-9352-FA7EE74576AC}.AppStore|x64.Build.0 = Release|x64
		{F1BE5E6F-151D-456C-9352-FA7EE74576AC}.AppStore|x64.Deploy.0 = Release|x64
		{F1BE5E6F-151D-456C-9352-FA7EE74576AC}.AppStore|x86.ActiveCfg = Release|x86
		{F1BE5E6F-151D-456C-9352-FA7EE74576AC}.AppStore|x86.Build.0 = Release|x86
		{F1BE5E6F-151D-456C-9352-FA7EE74576AC}.AppStore|x86.Deploy.0 = Release|x86
		{F1BE5E6F-151D-456C-9352-FA7EE74576AC}.Debug|Any CPU.ActiveCfg = Debug|Any CPU
		{F1BE5E6F-151D-456C-9352-FA7EE74576AC}.Debug|Any CPU.Build.0 = Debug|Any CPU
		{F1BE5E6F-151D-456C-9352-FA7EE74576AC}.Debug|Any CPU.Deploy.0 = Debug|Any CPU
		{F1BE5E6F-151D-456C-9352-FA7EE74576AC}.Debug|ARM.ActiveCfg = Debug|ARM
		{F1BE5E6F-151D-456C-9352-FA7EE74576AC}.Debug|ARM.Build.0 = Debug|ARM
		{F1BE5E6F-151D-456C-9352-FA7EE74576AC}.Debug|ARM.Deploy.0 = Debug|ARM
		{F1BE5E6F-151D-456C-9352-FA7EE74576AC}.Debug|iPhone.ActiveCfg = Debug|Any CPU
		{F1BE5E6F-151D-456C-9352-FA7EE74576AC}.Debug|iPhone.Build.0 = Debug|Any CPU
		{F1BE5E6F-151D-456C-9352-FA7EE74576AC}.Debug|iPhone.Deploy.0 = Debug|Any CPU
		{F1BE5E6F-151D-456C-9352-FA7EE74576AC}.Debug|iPhoneSimulator.ActiveCfg = Debug|Any CPU
		{F1BE5E6F-151D-456C-9352-FA7EE74576AC}.Debug|iPhoneSimulator.Build.0 = Debug|Any CPU
		{F1BE5E6F-151D-456C-9352-FA7EE74576AC}.Debug|iPhoneSimulator.Deploy.0 = Debug|Any CPU
		{F1BE5E6F-151D-456C-9352-FA7EE74576AC}.Debug|x64.ActiveCfg = Debug|x64
		{F1BE5E6F-151D-456C-9352-FA7EE74576AC}.Debug|x64.Build.0 = Debug|x64
		{F1BE5E6F-151D-456C-9352-FA7EE74576AC}.Debug|x64.Deploy.0 = Debug|x64
		{F1BE5E6F-151D-456C-9352-FA7EE74576AC}.Debug|x86.ActiveCfg = Debug|x86
		{F1BE5E6F-151D-456C-9352-FA7EE74576AC}.Debug|x86.Build.0 = Debug|x86
		{F1BE5E6F-151D-456C-9352-FA7EE74576AC}.Debug|x86.Deploy.0 = Debug|x86
		{F1BE5E6F-151D-456C-9352-FA7EE74576AC}.Release|Any CPU.ActiveCfg = Release|Any CPU
		{F1BE5E6F-151D-456C-9352-FA7EE74576AC}.Release|Any CPU.Build.0 = Release|Any CPU
		{F1BE5E6F-151D-456C-9352-FA7EE74576AC}.Release|Any CPU.Deploy.0 = Release|Any CPU
		{F1BE5E6F-151D-456C-9352-FA7EE74576AC}.Release|ARM.ActiveCfg = Release|ARM
		{F1BE5E6F-151D-456C-9352-FA7EE74576AC}.Release|ARM.Build.0 = Release|ARM
		{F1BE5E6F-151D-456C-9352-FA7EE74576AC}.Release|ARM.Deploy.0 = Release|ARM
		{F1BE5E6F-151D-456C-9352-FA7EE74576AC}.Release|iPhone.ActiveCfg = Release|Any CPU
		{F1BE5E6F-151D-456C-9352-FA7EE74576AC}.Release|iPhone.Build.0 = Release|Any CPU
		{F1BE5E6F-151D-456C-9352-FA7EE74576AC}.Release|iPhone.Deploy.0 = Release|Any CPU
		{F1BE5E6F-151D-456C-9352-FA7EE74576AC}.Release|iPhoneSimulator.ActiveCfg = Release|Any CPU
		{F1BE5E6F-151D-456C-9352-FA7EE74576AC}.Release|iPhoneSimulator.Build.0 = Release|Any CPU
		{F1BE5E6F-151D-456C-9352-FA7EE74576AC}.Release|iPhoneSimulator.Deploy.0 = Release|Any CPU
		{F1BE5E6F-151D-456C-9352-FA7EE74576AC}.Release|x64.ActiveCfg = Release|x64
		{F1BE5E6F-151D-456C-9352-FA7EE74576AC}.Release|x64.Build.0 = Release|x64
		{F1BE5E6F-151D-456C-9352-FA7EE74576AC}.Release|x64.Deploy.0 = Release|x64
		{F1BE5E6F-151D-456C-9352-FA7EE74576AC}.Release|x86.ActiveCfg = Release|x86
		{F1BE5E6F-151D-456C-9352-FA7EE74576AC}.Release|x86.Build.0 = Release|x86
		{F1BE5E6F-151D-456C-9352-FA7EE74576AC}.Release|x86.Deploy.0 = Release|x86
	EndGlobalSection
	GlobalSection(SolutionProperties) = preSolution
		HideSolutionNode = FALSE
	EndGlobalSection
	GlobalSection(NestedProjects) = preSolution
		{A8BA1066-5695-4D71-ABB4-65E5A5E0C3D4} = {FADE5874-10B2-4A6D-9ABB-43E044343B07}
		{880F0F77-7117-45CA-84B9-6257747CE0BF} = {4E78AD5A-97A6-45FA-838D-C5C878DBB498}
		{0D586D96-DCE5-4775-9143-A7B3F2295E2D} = {4E78AD5A-97A6-45FA-838D-C5C878DBB498}
		{888D09F2-20CE-4F4C-B3DD-F868A0C7D73C} = {4E78AD5A-97A6-45FA-838D-C5C878DBB498}
		{674A6AE0-37F3-41DB-844E-AB6A502D2683} = {4E78AD5A-97A6-45FA-838D-C5C878DBB498}
		{49E97D27-02EC-4812-B9D0-5480F8EA823B} = {4E78AD5A-97A6-45FA-838D-C5C878DBB498}
		{F1BE5E6F-151D-456C-9352-FA7EE74576AC} = {4E78AD5A-97A6-45FA-838D-C5C878DBB498}
	EndGlobalSection
EndGlobal
